
Microsoft Visual Studio Solution File, Format Version 12.00
# Visual Studio Version 17
VisualStudioVersion = 17.8.34316.72
MinimumVisualStudioVersion = 10.0.40219.1
Project("{FAE04EC0-301F-11D3-BF4B-00C04F79EFBC}") = "MauiNurAppTemplate", "MauiNurAppTemplate\MauiNurAppTemplate.csproj", "{0A4C8B23-F3C7-4831-941F-5E1FE8315FE1}"
EndProject
Project("{2150E333-8FDC-42A3-9474-1A3956D46DE8}") = "Solution Items", "Solution Items", "{63EE50F9-477A-4F0E-9FEB-BAB9CBDC0F1D}"
	ProjectSection(SolutionItems) = preProject
		.editorconfig = .editorconfig
	EndProjectSection
EndProject
Project("{FAE04EC0-301F-11D3-BF4B-00C04F79EFBC}") = "NordicID.UpdateLib.Net", "..\nur_update_library\NurUpdateLib.Net\NordicID.UpdateLib.Net.csproj", "{622B1329-F8AC-4B17-9A18-29426149A251}"
EndProject
Global
	GlobalSection(SolutionConfigurationPlatforms) = preSolution
		Debug|Any CPU = Debug|Any CPU
		Release|Any CPU = Release|Any CPU
	EndGlobalSection
	GlobalSection(ProjectConfigurationPlatforms) = postSolution
		{0A4C8B23-F3C7-4831-941F-5E1FE8315FE1}.Debug|Any CPU.ActiveCfg = Debug|Any CPU
		{0A4C8B23-F3C7-4831-941F-5E1FE8315FE1}.Debug|Any CPU.Build.0 = Debug|Any CPU
		{0A4C8B23-F3C7-4831-941F-5E1FE8315FE1}.Debug|Any CPU.Deploy.0 = Debug|Any CPU
		{0A4C8B23-F3C7-4831-941F-5E1FE8315FE1}.Release|Any CPU.ActiveCfg = Release|Any CPU
		{0A4C8B23-F3C7-4831-941F-5E1FE8315FE1}.Release|Any CPU.Build.0 = Release|Any CPU
		{0A4C8B23-F3C7-4831-941F-5E1FE8315FE1}.Release|Any CPU.Deploy.0 = Release|Any CPU
		{622B1329-F8AC-4B17-9A18-29426149A251}.Debug|Any CPU.ActiveCfg = Debug|Any CPU
		{622B1329-F8AC-4B17-9A18-29426149A251}.Debug|Any CPU.Build.0 = Debug|Any CPU
		{622B1329-F8AC-4B17-9A18-29426149A251}.Release|Any CPU.ActiveCfg = Release|Any CPU
		{622B1329-F8AC-4B17-9A18-29426149A251}.Release|Any CPU.Build.0 = Release|Any CPU
	EndGlobalSection
	GlobalSection(SolutionProperties) = preSolution
		HideSolutionNode = FALSE
	EndGlobalSection
	GlobalSection(ExtensibilityGlobals) = postSolution
		SolutionGuid = {D184FE53-E2E0-4513-B006-6AE33F97808F}
	EndGlobalSection
EndGlobal
